
Microsoft Visual Studio Solution File, Format Version 12.00
# Visual Studio Version 17
VisualStudioVersion = 17.9.34622.214
MinimumVisualStudioVersion = 10.0.40219.1
Project("{FAE04EC0-301F-11D3-BF4B-00C04F79EFBC}") = "CatalogAPI", "CatalogAPI\CatalogAPI.csproj", "{3D25A4B6-6F93-40B0-A6FC-87178E0C4AD2}"
EndProject
Global
	GlobalSection(SolutionConfigurationPlatforms) = preSolution
		Debug|Any CPU = Debug|Any CPU
		Release|Any CPU = Release|Any CPU
	EndGlobalSection
	GlobalSection(ProjectConfigurationPlatforms) = postSolution
		{3D25A4B6-6F93-40B0-A6FC-87178E0C4AD2}.Debug|Any CPU.ActiveCfg = Debug|Any CPU
		{3D25A4B6-6F93-40B0-A6FC-87178E0C4AD2}.Debug|Any CPU.Build.0 = Debug|Any CPU
		{3D25A4B6-6F93-40B0-A6FC-87178E0C4AD2}.Release|Any CPU.ActiveCfg = Release|Any CPU
		{3D25A4B6-6F93-40B0-A6FC-87178E0C4AD2}.Release|Any CPU.Build.0 = Release|Any CPU
	EndGlobalSection
	GlobalSection(SolutionProperties) = preSolution
		HideSolutionNode = FALSE
	EndGlobalSection
	GlobalSection(ExtensibilityGlobals) = postSolution
		SolutionGuid = {4DE46D17-C9EC-46D1-93E1-429DC278CB3F}
	EndGlobalSection
EndGlobal
